
Microsoft Visual Studio Solution File, Format Version 12.00
# Visual Studio Version 17
VisualStudioVersion = 17.8.34004.107
MinimumVisualStudioVersion = 10.0.40219.1
Project("{FAE04EC0-301F-11D3-BF4B-00C04F79EFBC}") = "PackageTest1", "PackageTest1\PackageTest1.csproj", "{65D1991D-BA55-4FEF-9968-C517B347CAAF}"
EndProject
Global
	GlobalSection(SolutionConfigurationPlatforms) = preSolution
		Debug|Any CPU = Debug|Any CPU
		Release|Any CPU = Release|Any CPU
	EndGlobalSection
	GlobalSection(ProjectConfigurationPlatforms) = postSolution
		{65D1991D-BA55-4FEF-9968-C517B347CAAF}.Debug|Any CPU.ActiveCfg = Debug|Any CPU
		{65D1991D-BA55-4FEF-9968-C517B347CAAF}.Debug|Any CPU.Build.0 = Debug|Any CPU
		{65D1991D-BA55-4FEF-9968-C517B347CAAF}.Release|Any CPU.ActiveCfg = Release|Any CPU
		{65D1991D-BA55-4FEF-9968-C517B347CAAF}.Release|Any CPU.Build.0 = Release|Any CPU
	EndGlobalSection
	GlobalSection(SolutionProperties) = preSolution
		HideSolutionNode = FALSE
	EndGlobalSection
	GlobalSection(ExtensibilityGlobals) = postSolution
		SolutionGuid = {B6008B94-CD35-4B17-A9D7-43F017D86482}
	EndGlobalSection
EndGlobal
